{
  "name": "KC_Mobile",
  "lockfileVersion": 2,
  "requires": true,
  "packages": {
    "": {
      "dependencies": {
        "text-encoder": "^0.0.4"
      }
    },
    "node_modules/text-encoder": {
      "version": "0.0.4",
      "resolved": "https://registry.npmjs.org/text-encoder/-/text-encoder-0.0.4.tgz",
      "integrity": "sha512-12gllbNnC0Zdh9r+LCpEwpUdvncaE9hfUmCVm2ryCH1LEVUZbS6NdRq8omEgJI0zKgaGFTjwQVHbglGDCIbmNA=="
    }
  },
  "dependencies": {
    "text-encoder": {
      "version": "0.0.4",
      "resolved": "https://registry.npmjs.org/text-encoder/-/text-encoder-0.0.4.tgz",
      "integrity": "sha512-12gllbNnC0Zdh9r+LCpEwpUdvncaE9hfUmCVm2ryCH1LEVUZbS6NdRq8omEgJI0zKgaGFTjwQVHbglGDCIbmNA=="
    }
  }
}
